// !$*UTF8*$!
{
	archiveVersion = 1;
	classes = {
	};
	objectVersion = 50;
	objects = {

/* Begin PBXBuildFile section */
		BA17EB552199175B00BA5E01 /* test.m in Sources */ = {isa = PBXBuildFile; fileRef = BA17EB542199175B00BA5E01 /* test.m */; };
		BA17EB5921991D2800BA5E01 /* InstaConstants.swift in Sources */ = {isa = PBXBuildFile; fileRef = BA17EB5821991D2800BA5E01 /* InstaConstants.swift */; };
		BA7FD7012198E3CA00568C68 /* HomeViewController.swift in Sources */ = {isa = PBXBuildFile; fileRef = BA7FD7002198E3CA00568C68 /* HomeViewController.swift */; };
		BAC90BC52198A9890087FAD5 /* AppDelegate.swift in Sources */ = {isa = PBXBuildFile; fileRef = BAC90BC42198A9890087FAD5 /* AppDelegate.swift */; };
		BAC90BCA2198A9890087FAD5 /* Main.storyboard in Resources */ = {isa = PBXBuildFile; fileRef = BAC90BC82198A9890087FAD5 /* Main.storyboard */; };
		BAC90BCC2198A9890087FAD5 /* Assets.xcassets in Resources */ = {isa = PBXBuildFile; fileRef = BAC90BCB2198A9890087FAD5 /* Assets.xcassets */; };
		BAC90BCF2198A9890087FAD5 /* LaunchScreen.storyboard in Resources */ = {isa = PBXBuildFile; fileRef = BAC90BCD2198A9890087FAD5 /* LaunchScreen.storyboard */; };
		BAEB756A2198B88200D9D25F /* WelcomeViewController.swift in Sources */ = {isa = PBXBuildFile; fileRef = BAEB75692198B88200D9D25F /* WelcomeViewController.swift */; };
		BAEB756C2198BBFA00D9D25F /* LoginViewController.swift in Sources */ = {isa = PBXBuildFile; fileRef = BAEB756B2198BBFA00D9D25F /* LoginViewController.swift */; };
		CFF1BF38B662CB6BF1E0FC00 /* Pods_ReputationApp.framework in Frameworks */ = {isa = PBXBuildFile; fileRef = 7569061B8A0D3594ED7AB9E7 /* Pods_ReputationApp.framework */; };
/* End PBXBuildFile section */

/* Begin PBXFileReference section */
		7569061B8A0D3594ED7AB9E7 /* Pods_ReputationApp.framework */ = {isa = PBXFileReference; explicitFileType = wrapper.framework; includeInIndex = 0; path = Pods_ReputationApp.framework; sourceTree = BUILT_PRODUCTS_DIR; };
		7977904B86F2BAA98539C5BD /* Pods-ReputationApp.release.xcconfig */ = {isa = PBXFileReference; includeInIndex = 1; lastKnownFileType = text.xcconfig; name = "Pods-ReputationApp.release.xcconfig"; path = "Pods/Target Support Files/Pods-ReputationApp/Pods-ReputationApp.release.xcconfig"; sourceTree = "<group>"; };
		A05521EEF75EF3B3F8430DCC /* Pods-ReputationApp.debug.xcconfig */ = {isa = PBXFileReference; includeInIndex = 1; lastKnownFileType = text.xcconfig; name = "Pods-ReputationApp.debug.xcconfig"; path = "Pods/Target Support Files/Pods-ReputationApp/Pods-ReputationApp.debug.xcconfig"; sourceTree = "<group>"; };
		BA17EB532199175B00BA5E01 /* ReputationApp-Bridging-Header.h */ = {isa = PBXFileReference; lastKnownFileType = sourcecode.c.h; path = "ReputationApp-Bridging-Header.h"; sourceTree = "<group>"; };
		BA17EB542199175B00BA5E01 /* test.m */ = {isa = PBXFileReference; lastKnownFileType = sourcecode.c.objc; path = test.m; sourceTree = "<group>"; };
		BA17EB5821991D2800BA5E01 /* InstaConstants.swift */ = {isa = PBXFileReference; lastKnownFileType = sourcecode.swift; path = InstaConstants.swift; sourceTree = "<group>"; };
		BA7FD7002198E3CA00568C68 /* HomeViewController.swift */ = {isa = PBXFileReference; lastKnownFileType = sourcecode.swift; path = HomeViewController.swift; sourceTree = "<group>"; };
		BAC90BC12198A9890087FAD5 /* ReputationApp.app */ = {isa = PBXFileReference; explicitFileType = wrapper.application; includeInIndex = 0; path = ReputationApp.app; sourceTree = BUILT_PRODUCTS_DIR; };
		BAC90BC42198A9890087FAD5 /* AppDelegate.swift */ = {isa = PBXFileReference; lastKnownFileType = sourcecode.swift; path = AppDelegate.swift; sourceTree = "<group>"; };
		BAC90BC92198A9890087FAD5 /* Base */ = {isa = PBXFileReference; lastKnownFileType = file.storyboard; name = Base; path = Base.lproj/Main.storyboard; sourceTree = "<group>"; };
		BAC90BCB2198A9890087FAD5 /* Assets.xcassets */ = {isa = PBXFileReference; lastKnownFileType = folder.assetcatalog; path = Assets.xcassets; sourceTree = "<group>"; };
		BAC90BCE2198A9890087FAD5 /* Base */ = {isa = PBXFileReference; lastKnownFileType = file.storyboard; name = Base; path = Base.lproj/LaunchScreen.storyboard; sourceTree = "<group>"; };
		BAC90BD02198A9890087FAD5 /* Info.plist */ = {isa = PBXFileReference; lastKnownFileType = text.plist.xml; path = Info.plist; sourceTree = "<group>"; };
		BAEB75692198B88200D9D25F /* WelcomeViewController.swift */ = {isa = PBXFileReference; lastKnownFileType = sourcecode.swift; path = WelcomeViewController.swift; sourceTree = "<group>"; };
		BAEB756B2198BBFA00D9D25F /* LoginViewController.swift */ = {isa = PBXFileReference; lastKnownFileType = sourcecode.swift; path = LoginViewController.swift; sourceTree = "<group>"; };
/* End PBXFileReference section */

/* Begin PBXFrameworksBuildPhase section */
		BAC90BBE2198A9880087FAD5 /* Frameworks */ = {
			isa = PBXFrameworksBuildPhase;
			buildActionMask = 2147483647;
			files = (
				CFF1BF38B662CB6BF1E0FC00 /* Pods_ReputationApp.framework in Frameworks */,
			);
			runOnlyForDeploymentPostprocessing = 0;
		};
/* End PBXFrameworksBuildPhase section */

/* Begin PBXGroup section */
		1164F526EB0D61C05A232B0D /* Frameworks */ = {
			isa = PBXGroup;
			children = (
				7569061B8A0D3594ED7AB9E7 /* Pods_ReputationApp.framework */,
			);
			name = Frameworks;
			sourceTree = "<group>";
		};
		B4661B7985BC10F983F4D676 /* Pods */ = {
			isa = PBXGroup;
			children = (
				A05521EEF75EF3B3F8430DCC /* Pods-ReputationApp.debug.xcconfig */,
				7977904B86F2BAA98539C5BD /* Pods-ReputationApp.release.xcconfig */,
			);
			name = Pods;
			sourceTree = "<group>";
		};
		BAC90BB82198A9880087FAD5 = {
			isa = PBXGroup;
			children = (
				BA17EB542199175B00BA5E01 /* test.m */,
				BA17EB532199175B00BA5E01 /* ReputationApp-Bridging-Header.h */,
				BAC90BC32198A9890087FAD5 /* ReputationApp */,
				BAC90BC22198A9890087FAD5 /* Products */,
				1164F526EB0D61C05A232B0D /* Frameworks */,
				B4661B7985BC10F983F4D676 /* Pods */,
			);
			sourceTree = "<group>";
		};
		BAC90BC22198A9890087FAD5 /* Products */ = {
			isa = PBXGroup;
			children = (
				BAC90BC12198A9890087FAD5 /* ReputationApp.app */,
			);
			name = Products;
			sourceTree = "<group>";
		};
		BAC90BC32198A9890087FAD5 /* ReputationApp */ = {
			isa = PBXGroup;
			children = (
				BAC90BC42198A9890087FAD5 /* AppDelegate.swift */,
				BAC90BC82198A9890087FAD5 /* Main.storyboard */,
				BA7FD7002198E3CA00568C68 /* HomeViewController.swift */,
				BAEB756B2198BBFA00D9D25F /* LoginViewController.swift */,
				BAEB75692198B88200D9D25F /* WelcomeViewController.swift */,
				BAC90BCB2198A9890087FAD5 /* Assets.xcassets */,
				BAC90BCD2198A9890087FAD5 /* LaunchScreen.storyboard */,
				BAC90BD02198A9890087FAD5 /* Info.plist */,
				BA17EB5821991D2800BA5E01 /* InstaConstants.swift */,
			);
			path = ReputationApp;
			sourceTree = "<group>";
		};
/* End PBXGroup section */

/* Begin PBXNativeTarget section */
		BAC90BC02198A9880087FAD5 /* ReputationApp */ = {
			isa = PBXNativeTarget;
			buildConfigurationList = BAC90BD32198A9890087FAD5 /* Build configuration list for PBXNativeTarget "ReputationApp" */;
			buildPhases = (
				A1150A7886AA55DBCEA192BE /* [CP] Check Pods Manifest.lock */,
				BAC90BBD2198A9880087FAD5 /* Sources */,
				BAC90BBE2198A9880087FAD5 /* Frameworks */,
				BAC90BBF2198A9880087FAD5 /* Resources */,
				2F2F0EAD50B1756B75C396DB /* [CP] Embed Pods Frameworks */,
			);
			buildRules = (
			);
			dependencies = (
			);
			name = ReputationApp;
			productName = ReputationApp;
			productReference = BAC90BC12198A9890087FAD5 /* ReputationApp.app */;
			productType = "com.apple.product-type.application";
		};
/* End PBXNativeTarget section */

/* Begin PBXProject section */
		BAC90BB92198A9880087FAD5 /* Project object */ = {
			isa = PBXProject;
			attributes = {
				LastSwiftUpdateCheck = 1010;
				LastUpgradeCheck = 1010;
				ORGANIZATIONNAME = ReputationApp;
				TargetAttributes = {
					BAC90BC02198A9880087FAD5 = {
						CreatedOnToolsVersion = 10.1;
						LastSwiftMigration = 1010;
					};
				};
			};
			buildConfigurationList = BAC90BBC2198A9880087FAD5 /* Build configuration list for PBXProject "ReputationApp" */;
			compatibilityVersion = "Xcode 9.3";
			developmentRegion = en;
			hasScannedForEncodings = 0;
			knownRegions = (
				en,
				Base,
			);
			mainGroup = BAC90BB82198A9880087FAD5;
			productRefGroup = BAC90BC22198A9890087FAD5 /* Products */;
			projectDirPath = "";
			projectRoot = "";
			targets = (
				BAC90BC02198A9880087FAD5 /* ReputationApp */,
			);
		};
/* End PBXProject section */

/* Begin PBXResourcesBuildPhase section */
		BAC90BBF2198A9880087FAD5 /* Resources */ = {
			isa = PBXResourcesBuildPhase;
			buildActionMask = 2147483647;
			files = (
				BAC90BCF2198A9890087FAD5 /* LaunchScreen.storyboard in Resources */,
				BAC90BCC2198A9890087FAD5 /* Assets.xcassets in Resources */,
				BAC90BCA2198A9890087FAD5 /* Main.storyboard in Resources */,
			);
			runOnlyForDeploymentPostprocessing = 0;
		};
/* End PBXResourcesBuildPhase section */

/* Begin PBXShellScriptBuildPhase section */
		2F2F0EAD50B1756B75C396DB /* [CP] Embed Pods Frameworks */ = {
			isa = PBXShellScriptBuildPhase;
			buildActionMask = 2147483647;
			files = (
			);
			inputPaths = (
				"${SRCROOT}/Pods/Target Support Files/Pods-ReputationApp/Pods-ReputationApp-frameworks.sh",
				"${BUILT_PRODUCTS_DIR}/Bolts/Bolts.framework",
				"${BUILT_PRODUCTS_DIR}/FBSDKCoreKit/FBSDKCoreKit.framework",
				"${BUILT_PRODUCTS_DIR}/FBSDKLoginKit/FBSDKLoginKit.framework",
				"${BUILT_PRODUCTS_DIR}/FacebookCore/FacebookCore.framework",
				"${BUILT_PRODUCTS_DIR}/FacebookLogin/FacebookLogin.framework",
				"${BUILT_PRODUCTS_DIR}/SwiftInstagram/SwiftInstagram.framework",
				"${BUILT_PRODUCTS_DIR}/SwiftyJSON/SwiftyJSON.framework",
				"${BUILT_PRODUCTS_DIR}/paper-onboarding/paper_onboarding.framework",
			);
			name = "[CP] Embed Pods Frameworks";
			outputPaths = (
				"${TARGET_BUILD_DIR}/${FRAMEWORKS_FOLDER_PATH}/Bolts.framework",
				"${TARGET_BUILD_DIR}/${FRAMEWORKS_FOLDER_PATH}/FBSDKCoreKit.framework",
				"${TARGET_BUILD_DIR}/${FRAMEWORKS_FOLDER_PATH}/FBSDKLoginKit.framework",
				"${TARGET_BUILD_DIR}/${FRAMEWORKS_FOLDER_PATH}/FacebookCore.framework",
				"${TARGET_BUILD_DIR}/${FRAMEWORKS_FOLDER_PATH}/FacebookLogin.framework",
				"${TARGET_BUILD_DIR}/${FRAMEWORKS_FOLDER_PATH}/SwiftInstagram.framework",
				"${TARGET_BUILD_DIR}/${FRAMEWORKS_FOLDER_PATH}/SwiftyJSON.framework",
				"${TARGET_BUILD_DIR}/${FRAMEWORKS_FOLDER_PATH}/paper_onboarding.framework",
			);
			runOnlyForDeploymentPostprocessing = 0;
			shellPath = /bin/sh;
			shellScript = "\"${SRCROOT}/Pods/Target Support Files/Pods-ReputationApp/Pods-ReputationApp-frameworks.sh\"\n";
			showEnvVarsInLog = 0;
		};
		A1150A7886AA55DBCEA192BE /* [CP] Check Pods Manifest.lock */ = {
			isa = PBXShellScriptBuildPhase;
			buildActionMask = 2147483647;
			files = (
			);
			inputPaths = (
				"${PODS_PODFILE_DIR_PATH}/Podfile.lock",
				"${PODS_ROOT}/Manifest.lock",
			);
			name = "[CP] Check Pods Manifest.lock";
			outputPaths = (
				"$(DERIVED_FILE_DIR)/Pods-ReputationApp-checkManifestLockResult.txt",
			);
			runOnlyForDeploymentPostprocessing = 0;
			shellPath = /bin/sh;
			shellScript = "diff \"${PODS_PODFILE_DIR_PATH}/Podfile.lock\" \"${PODS_ROOT}/Manifest.lock\" > /dev/null\nif [ $? != 0 ] ; then\n    # print error to STDERR\n    echo \"error: The sandbox is not in sync with the Podfile.lock. Run 'pod install' or update your CocoaPods installation.\" >&2\n    exit 1\nfi\n# This output is used by Xcode 'outputs' to avoid re-running this script phase.\necho \"SUCCESS\" > \"${SCRIPT_OUTPUT_FILE_0}\"\n";
			showEnvVarsInLog = 0;
		};
/* End PBXShellScriptBuildPhase section */

/* Begin PBXSourcesBuildPhase section */
		BAC90BBD2198A9880087FAD5 /* Sources */ = {
			isa = PBXSourcesBuildPhase;
			buildActionMask = 2147483647;
			files = (
				BA17EB552199175B00BA5E01 /* test.m in Sources */,
				BAEB756C2198BBFA00D9D25F /* LoginViewController.swift in Sources */,
				BAC90BC52198A9890087FAD5 /* AppDelegate.swift in Sources */,
				BAEB756A2198B88200D9D25F /* WelcomeViewController.swift in Sources */,
				BA7FD7012198E3CA00568C68 /* HomeViewController.swift in Sources */,
				BA17EB5921991D2800BA5E01 /* InstaConstants.swift in Sources */,
			);
			runOnlyForDeploymentPostprocessing = 0;
		};
/* End PBXSourcesBuildPhase section */

/* Begin PBXVariantGroup section */
		BAC90BC82198A9890087FAD5 /* Main.storyboard */ = {
			isa = PBXVariantGroup;
			children = (
				BAC90BC92198A9890087FAD5 /* Base */,
			);
			name = Main.storyboard;
			sourceTree = "<group>";
		};
		BAC90BCD2198A9890087FAD5 /* LaunchScreen.storyboard */ = {
			isa = PBXVariantGroup;
			children = (
				BAC90BCE2198A9890087FAD5 /* Base */,
			);
			name = LaunchScreen.storyboard;
			sourceTree = "<group>";
		};
/* End PBXVariantGroup section */

/* Begin XCBuildConfiguration section */
		BAC90BD12198A9890087FAD5 /* Debug */ = {
			isa = XCBuildConfiguration;
			buildSettings = {
				ALWAYS_SEARCH_USER_PATHS = NO;
				CLANG_ANALYZER_NONNULL = YES;
				CLANG_ANALYZER_NUMBER_OBJECT_CONVERSION = YES_AGGRESSIVE;
				CLANG_CXX_LANGUAGE_STANDARD = "gnu++14";
				CLANG_CXX_LIBRARY = "libc++";
				CLANG_ENABLE_MODULES = YES;
				CLANG_ENABLE_OBJC_ARC = YES;
				CLANG_ENABLE_OBJC_WEAK = YES;
				CLANG_WARN_BLOCK_CAPTURE_AUTORELEASING = YES;
				CLANG_WARN_BOOL_CONVERSION = YES;
				CLANG_WARN_COMMA = YES;
				CLANG_WARN_CONSTANT_CONVERSION = YES;
				CLANG_WARN_DEPRECATED_OBJC_IMPLEMENTATIONS = YES;
				CLANG_WARN_DIRECT_OBJC_ISA_USAGE = YES_ERROR;
				CLANG_WARN_DOCUMENTATION_COMMENTS = YES;
				CLANG_WARN_EMPTY_BODY = YES;
				CLANG_WARN_ENUM_CONVERSION = YES;
				CLANG_WARN_INFINITE_RECURSION = YES;
				CLANG_WARN_INT_CONVERSION = YES;
				CLANG_WARN_NON_LITERAL_NULL_CONVERSION = YES;
				CLANG_WARN_OBJC_IMPLICIT_RETAIN_SELF = YES;
				CLANG_WARN_OBJC_LITERAL_CONVERSION = YES;
				CLANG_WARN_OBJC_ROOT_CLASS = YES_ERROR;
				CLANG_WARN_RANGE_LOOP_ANALYSIS = YES;
				CLANG_WARN_STRICT_PROTOTYPES = YES;
				CLANG_WARN_SUSPICIOUS_MOVE = YES;
				CLANG_WARN_UNGUARDED_AVAILABILITY = YES_AGGRESSIVE;
				CLANG_WARN_UNREACHABLE_CODE = YES;
				CLANG_WARN__DUPLICATE_METHOD_MATCH = YES;
				CODE_SIGN_IDENTITY = "iPhone Developer";
				COPY_PHASE_STRIP = NO;
				DEBUG_INFORMATION_FORMAT = dwarf;
				ENABLE_STRICT_OBJC_MSGSEND = YES;
				ENABLE_TESTABILITY = YES;
				GCC_C_LANGUAGE_STANDARD = gnu11;
				GCC_DYNAMIC_NO_PIC = NO;
				GCC_NO_COMMON_BLOCKS = YES;
				GCC_OPTIMIZATION_LEVEL = 0;
				GCC_PREPROCESSOR_DEFINITIONS = (
					"DEBUG=1",
					"$(inherited)",
				);
				GCC_WARN_64_TO_32_BIT_CONVERSION = YES;
				GCC_WARN_ABOUT_RETURN_TYPE = YES_ERROR;
				GCC_WARN_UNDECLARED_SELECTOR = YES;
				GCC_WARN_UNINITIALIZED_AUTOS = YES_AGGRESSIVE;
				GCC_WARN_UNUSED_FUNCTION = YES;
				GCC_WARN_UNUSED_VARIABLE = YES;
				IPHONEOS_DEPLOYMENT_TARGET = 12.1;
				MTL_ENABLE_DEBUG_INFO = INCLUDE_SOURCE;
				MTL_FAST_MATH = YES;
				ONLY_ACTIVE_ARCH = YES;
				SDKROOT = iphoneos;
				SWIFT_ACTIVE_COMPILATION_CONDITIONS = DEBUG;
				SWIFT_OPTIMIZATION_LEVEL = "-Onone";
			};
			name = Debug;
		};
		BAC90BD22198A9890087FAD5 /* Release */ = {
			isa = XCBuildConfiguration;
			buildSettings = {
				ALWAYS_SEARCH_USER_PATHS = NO;
				CLANG_ANALYZER_NONNULL = YES;
				CLANG_ANALYZER_NUMBER_OBJECT_CONVERSION = YES_AGGRESSIVE;
				CLANG_CXX_LANGUAGE_STANDARD = "gnu++14";
				CLANG_CXX_LIBRARY = "libc++";
				CLANG_ENABLE_MODULES = YES;
				CLANG_ENABLE_OBJC_ARC = YES;
				CLANG_ENABLE_OBJC_WEAK = YES;
				CLANG_WARN_BLOCK_CAPTURE_AUTORELEASING = YES;
				CLANG_WARN_BOOL_CONVERSION = YES;
				CLANG_WARN_COMMA = YES;
				CLANG_WARN_CONSTANT_CONVERSION = YES;
				CLANG_WARN_DEPRECATED_OBJC_IMPLEMENTATIONS = YES;
				CLANG_WARN_DIRECT_OBJC_ISA_USAGE = YES_ERROR;
				CLANG_WARN_DOCUMENTATION_COMMENTS = YES;
				CLANG_WARN_EMPTY_BODY = YES;
				CLANG_WARN_ENUM_CONVERSION = YES;
				CLANG_WARN_INFINITE_RECURSION = YES;
				CLANG_WARN_INT_CONVERSION = YES;
				CLANG_WARN_NON_LITERAL_NULL_CONVERSION = YES;
				CLANG_WARN_OBJC_IMPLICIT_RETAIN_SELF = YES;
				CLANG_WARN_OBJC_LITERAL_CONVERSION = YES;
				CLANG_WARN_OBJC_ROOT_CLASS = YES_ERROR;
				CLANG_WARN_RANGE_LOOP_ANALYSIS = YES;
				CLANG_WARN_STRICT_PROTOTYPES = YES;
				CLANG_WARN_SUSPICIOUS_MOVE = YES;
				CLANG_WARN_UNGUARDED_AVAILABILITY = YES_AGGRESSIVE;
				CLANG_WARN_UNREACHABLE_CODE = YES;
				CLANG_WARN__DUPLICATE_METHOD_MATCH = YES;
				CODE_SIGN_IDENTITY = "iPhone Developer";
				COPY_PHASE_STRIP = NO;
				DEBUG_INFORMATION_FORMAT = "dwarf-with-dsym";
				ENABLE_NS_ASSERTIONS = NO;
				ENABLE_STRICT_OBJC_MSGSEND = YES;
				GCC_C_LANGUAGE_STANDARD = gnu11;
				GCC_NO_COMMON_BLOCKS = YES;
				GCC_WARN_64_TO_32_BIT_CONVERSION = YES;
				GCC_WARN_ABOUT_RETURN_TYPE = YES_ERROR;
				GCC_WARN_UNDECLARED_SELECTOR = YES;
				GCC_WARN_UNINITIALIZED_AUTOS = YES_AGGRESSIVE;
				GCC_WARN_UNUSED_FUNCTION = YES;
				GCC_WARN_UNUSED_VARIABLE = YES;
				IPHONEOS_DEPLOYMENT_TARGET = 12.1;
				MTL_ENABLE_DEBUG_INFO = NO;
				MTL_FAST_MATH = YES;
				SDKROOT = iphoneos;
				SWIFT_COMPILATION_MODE = wholemodule;
				SWIFT_OPTIMIZATION_LEVEL = "-O";
				VALIDATE_PRODUCT = YES;
			};
			name = Release;
		};
		BAC90BD42198A9890087FAD5 /* Debug */ = {
			isa = XCBuildConfiguration;
			baseConfigurationReference = A05521EEF75EF3B3F8430DCC /* Pods-ReputationApp.debug.xcconfig */;
			buildSettings = {
				ASSETCATALOG_COMPILER_APPICON_NAME = AppIcon;
				CLANG_ENABLE_MODULES = YES;
				CODE_SIGN_STYLE = Automatic;
				DEVELOPMENT_TEAM = 7B2LH6WH6Q;
				FRAMEWORK_SEARCH_PATHS = (
					"$(inherited)",
					"$(PROJECT_DIR)",
				);
				INFOPLIST_FILE = ReputationApp/Info.plist;
				LD_RUNPATH_SEARCH_PATHS = (
					"$(inherited)",
					"@executable_path/Frameworks",
				);
				OTHER_LDFLAGS = (
					"$(inherited)",
					"-framework",
					"\"Bolts\"",
					"-framework",
					"\"FBSDKCoreKit\"",
					"-framework",
					"\"FBSDKLoginKit\"",
					"-framework",
					"\"FacebookCore\"",
					"-framework",
					"\"FacebookLogin\"",
					"-framework",
					"\"paper_onboarding\"",
					"-ObjC",
				);
				PRODUCT_BUNDLE_IDENTIFIER = com.reputationapp.ReputationApp;
				PRODUCT_NAME = "$(TARGET_NAME)";
				SWIFT_INSTALL_OBJC_HEADER = NO;
				SWIFT_OBJC_BRIDGING_HEADER = "ReputationApp-Bridging-Header.h";
				SWIFT_OBJC_INTERFACE_HEADER_NAME = "";
				SWIFT_OPTIMIZATION_LEVEL = "-Onone";
				SWIFT_PRECOMPILE_BRIDGING_HEADER = NO;
				SWIFT_VERSION = 4.2;
				TARGETED_DEVICE_FAMILY = "1,2";
			};
			name = Debug;
		};
		BAC90BD52198A9890087FAD5 /* Release */ = {
			isa = XCBuildConfiguration;
			baseConfigurationReference = 7977904B86F2BAA98539C5BD /* Pods-ReputationApp.release.xcconfig */;
			buildSettings = {
				ASSETCATALOG_COMPILER_APPICON_NAME = AppIcon;
				CLANG_ENABLE_MODULES = YES;
				CODE_SIGN_STYLE = Automatic;
				DEVELOPMENT_TEAM = 7B2LH6WH6Q;
				FRAMEWORK_SEARCH_PATHS = (
					"$(inherited)",
					"$(PROJECT_DIR)",
				);
				INFOPLIST_FILE = ReputationApp/Info.plist;
				LD_RUNPATH_SEARCH_PATHS = (
					"$(inherited)",
					"@executable_path/Frameworks",
				);
				OTHER_LDFLAGS = (
					"$(inherited)",
					"-framework",
					"\"Bolts\"",
					"-framework",
					"\"FBSDKCoreKit\"",
					"-framework",
					"\"FBSDKLoginKit\"",
					"-framework",
					"\"FacebookCore\"",
					"-framework",
					"\"FacebookLogin\"",
					"-framework",
					"\"paper_onboarding\"",
					"-ObjC",
				);
				PRODUCT_BUNDLE_IDENTIFIER = com.reputationapp.ReputationApp;
				PRODUCT_NAME = "$(TARGET_NAME)";
				SWIFT_INSTALL_OBJC_HEADER = NO;
				SWIFT_OBJC_BRIDGING_HEADER = "ReputationApp-Bridging-Header.h";
				SWIFT_OBJC_INTERFACE_HEADER_NAME = "";
				SWIFT_PRECOMPILE_BRIDGING_HEADER = NO;
				SWIFT_VERSION = 4.2;
				TARGETED_DEVICE_FAMILY = "1,2";
			};
			name = Release;
		};
/* End XCBuildConfiguration section */

/* Begin XCConfigurationList section */
		BAC90BBC2198A9880087FAD5 /* Build configuration list for PBXProject "ReputationApp" */ = {
			isa = XCConfigurationList;
			buildConfigurations = (
				BAC90BD12198A9890087FAD5 /* Debug */,
				BAC90BD22198A9890087FAD5 /* Release */,
			);
			defaultConfigurationIsVisible = 0;
			defaultConfigurationName = Release;
		};
		BAC90BD32198A9890087FAD5 /* Build configuration list for PBXNativeTarget "ReputationApp" */ = {
			isa = XCConfigurationList;
			buildConfigurations = (
				BAC90BD42198A9890087FAD5 /* Debug */,
				BAC90BD52198A9890087FAD5 /* Release */,
			);
			defaultConfigurationIsVisible = 0;
			defaultConfigurationName = Release;
		};
/* End XCConfigurationList section */
	};
	rootObject = BAC90BB92198A9880087FAD5 /* Project object */;
}
